
Microsoft Visual Studio Solution File, Format Version 12.00
# Visual Studio Version 16
VisualStudioVersion = 16.0.29503.13
MinimumVisualStudioVersion = 10.0.40219.1
Project("{FAE04EC0-301F-11D3-BF4B-00C04F79EFBC}") = "VideoLandia", "VideoLandia\VideoLandia.csproj", "{90480844-F058-4B49-BB2F-BCF2F5B47CCC}"
EndProject
Global
	GlobalSection(SolutionConfigurationPlatforms) = preSolution
		Debug|Any CPU = Debug|Any CPU
		Release|Any CPU = Release|Any CPU
	EndGlobalSection
	GlobalSection(ProjectConfigurationPlatforms) = postSolution
		{90480844-F058-4B49-BB2F-BCF2F5B47CCC}.Debug|Any CPU.ActiveCfg = Debug|Any CPU
		{90480844-F058-4B49-BB2F-BCF2F5B47CCC}.Debug|Any CPU.Build.0 = Debug|Any CPU
		{90480844-F058-4B49-BB2F-BCF2F5B47CCC}.Release|Any CPU.ActiveCfg = Release|Any CPU
		{90480844-F058-4B49-BB2F-BCF2F5B47CCC}.Release|Any CPU.Build.0 = Release|Any CPU
	EndGlobalSection
	GlobalSection(SolutionProperties) = preSolution
		HideSolutionNode = FALSE
	EndGlobalSection
	GlobalSection(ExtensibilityGlobals) = postSolution
		SolutionGuid = {A177D85E-06C8-4111-834C-A15EF4B7FEDC}
	EndGlobalSection
EndGlobal
